// !$*UTF8*$!
{
	archiveVersion = 1;
	classes = {
	};
	objectVersion = 46;
	objects = {

/* Begin PBXBuildFile section */
		CA7C3DE514FA4E2F00C0A84A /* UIKit.framework in Frameworks */ = {isa = PBXBuildFile; fileRef = CA7C3DE414FA4E2F00C0A84A /* UIKit.framework */; };
		CA7C3DE714FA4E2F00C0A84A /* Foundation.framework in Frameworks */ = {isa = PBXBuildFile; fileRef = CA7C3DE614FA4E2F00C0A84A /* Foundation.framework */; };
		CA7C3DE914FA4E2F00C0A84A /* CoreGraphics.framework in Frameworks */ = {isa = PBXBuildFile; fileRef = CA7C3DE814FA4E2F00C0A84A /* CoreGraphics.framework */; };
		CA7C3DEF14FA4E2F00C0A84A /* InfoPlist.strings in Resources */ = {isa = PBXBuildFile; fileRef = CA7C3DED14FA4E2F00C0A84A /* InfoPlist.strings */; };
		CA7C3DF114FA4E2F00C0A84A /* main.m in Sources */ = {isa = PBXBuildFile; fileRef = CA7C3DF014FA4E2F00C0A84A /* main.m */; };
		CA7C3DF514FA4E2F00C0A84A /* windowdemoAppDelegate.m in Sources */ = {isa = PBXBuildFile; fileRef = CA7C3DF414FA4E2F00C0A84A /* windowdemoAppDelegate.m */; };
		CA7C3DF814FA4E2F00C0A84A /* MainWindow.xib in Resources */ = {isa = PBXBuildFile; fileRef = CA7C3DF614FA4E2F00C0A84A /* MainWindow.xib */; };
		CA7C3DFF14FA501200C0A84A /* libsqlite3.dylib in Frameworks */ = {isa = PBXBuildFile; fileRef = CA7C3DFE14FA501200C0A84A /* libsqlite3.dylib */; };
/* End PBXBuildFile section */

/* Begin PBXFileReference section */
		CA7C3DE014FA4E2F00C0A84A /* windowdemo.app */ = {isa = PBXFileReference; explicitFileType = wrapper.application; includeInIndex = 0; path = windowdemo.app; sourceTree = BUILT_PRODUCTS_DIR; };
		CA7C3DE414FA4E2F00C0A84A /* UIKit.framework */ = {isa = PBXFileReference; lastKnownFileType = wrapper.framework; name = UIKit.framework; path = System/Library/Frameworks/UIKit.framework; sourceTree = SDKROOT; };
		CA7C3DE614FA4E2F00C0A84A /* Foundation.framework */ = {isa = PBXFileReference; lastKnownFileType = wrapper.framework; name = Foundation.framework; path = System/Library/Frameworks/Foundation.framework; sourceTree = SDKROOT; };
		CA7C3DE814FA4E2F00C0A84A /* CoreGraphics.framework */ = {isa = PBXFileReference; lastKnownFileType = wrapper.framework; name = CoreGraphics.framework; path = System/Library/Frameworks/CoreGraphics.framework; sourceTree = SDKROOT; };
		CA7C3DEC14FA4E2F00C0A84A /* windowdemo-Info.plist */ = {isa = PBXFileReference; lastKnownFileType = text.plist.xml; path = "windowdemo-Info.plist"; sourceTree = "<group>"; };
		CA7C3DEE14FA4E2F00C0A84A /* en */ = {isa = PBXFileReference; lastKnownFileType = text.plist.strings; name = en; path = en.lproj/InfoPlist.strings; sourceTree = "<group>"; };
		CA7C3DF014FA4E2F00C0A84A /* main.m */ = {isa = PBXFileReference; lastKnownFileType = sourcecode.c.objc; path = main.m; sourceTree = "<group>"; };
		CA7C3DF214FA4E2F00C0A84A /* windowdemo-Prefix.pch */ = {isa = PBXFileReference; lastKnownFileType = sourcecode.c.h; path = "windowdemo-Prefix.pch"; sourceTree = "<group>"; };
		CA7C3DF314FA4E2F00C0A84A /* windowdemoAppDelegate.h */ = {isa = PBXFileReference; lastKnownFileType = sourcecode.c.h; path = windowdemoAppDelegate.h; sourceTree = "<group>"; };
		CA7C3DF414FA4E2F00C0A84A /* windowdemoAppDelegate.m */ = {isa = PBXFileReference; lastKnownFileType = sourcecode.c.objc; path = windowdemoAppDelegate.m; sourceTree = "<group>"; };
		CA7C3DF714FA4E2F00C0A84A /* en */ = {isa = PBXFileReference; lastKnownFileType = file.xib; name = en; path = en.lproj/MainWindow.xib; sourceTree = "<group>"; };
		CA7C3DFE14FA501200C0A84A /* libsqlite3.dylib */ = {isa = PBXFileReference; lastKnownFileType = "compiled.mach-o.dylib"; name = libsqlite3.dylib; path = usr/lib/libsqlite3.dylib; sourceTree = SDKROOT; };
/* End PBXFileReference section */

/* Begin PBXFrameworksBuildPhase section */
		CA7C3DDD14FA4E2F00C0A84A /* Frameworks */ = {
			isa = PBXFrameworksBuildPhase;
			buildActionMask = 2147483647;
			files = (
				CA7C3DFF14FA501200C0A84A /* libsqlite3.dylib in Frameworks */,
				CA7C3DE514FA4E2F00C0A84A /* UIKit.framework in Frameworks */,
				CA7C3DE714FA4E2F00C0A84A /* Foundation.framework in Frameworks */,
				CA7C3DE914FA4E2F00C0A84A /* CoreGraphics.framework in Frameworks */,
			);
			runOnlyForDeploymentPostprocessing = 0;
		};
/* End PBXFrameworksBuildPhase section */

/* Begin PBXGroup section */
		CA7C3DD514FA4E2F00C0A84A = {
			isa = PBXGroup;
			children = (
				CA7C3DEA14FA4E2F00C0A84A /* windowdemo */,
				CA7C3DE314FA4E2F00C0A84A /* Frameworks */,
				CA7C3DE114FA4E2F00C0A84A /* Products */,
			);
			sourceTree = "<group>";
		};
		CA7C3DE114FA4E2F00C0A84A /* Products */ = {
			isa = PBXGroup;
			children = (
				CA7C3DE014FA4E2F00C0A84A /* windowdemo.app */,
			);
			name = Products;
			sourceTree = "<group>";
		};
		CA7C3DE314FA4E2F00C0A84A /* Frameworks */ = {
			isa = PBXGroup;
			children = (
				CA7C3DFE14FA501200C0A84A /* libsqlite3.dylib */,
				CA7C3DE414FA4E2F00C0A84A /* UIKit.framework */,
				CA7C3DE614FA4E2F00C0A84A /* Foundation.framework */,
				CA7C3DE814FA4E2F00C0A84A /* CoreGraphics.framework */,
			);
			name = Frameworks;
			sourceTree = "<group>";
		};
		CA7C3DEA14FA4E2F00C0A84A /* windowdemo */ = {
			isa = PBXGroup;
			children = (
				CA7C3DF314FA4E2F00C0A84A /* windowdemoAppDelegate.h */,
				CA7C3DF414FA4E2F00C0A84A /* windowdemoAppDelegate.m */,
				CA7C3DF614FA4E2F00C0A84A /* MainWindow.xib */,
				CA7C3DEB14FA4E2F00C0A84A /* Supporting Files */,
			);
			path = windowdemo;
			sourceTree = "<group>";
		};
		CA7C3DEB14FA4E2F00C0A84A /* Supporting Files */ = {
			isa = PBXGroup;
			children = (
				CA7C3DEC14FA4E2F00C0A84A /* windowdemo-Info.plist */,
				CA7C3DED14FA4E2F00C0A84A /* InfoPlist.strings */,
				CA7C3DF014FA4E2F00C0A84A /* main.m */,
				CA7C3DF214FA4E2F00C0A84A /* windowdemo-Prefix.pch */,
			);
			name = "Supporting Files";
			sourceTree = "<group>";
		};
/* End PBXGroup section */

/* Begin PBXNativeTarget section */
		CA7C3DDF14FA4E2F00C0A84A /* windowdemo */ = {
			isa = PBXNativeTarget;
			buildConfigurationList = CA7C3DFB14FA4E2F00C0A84A /* Build configuration list for PBXNativeTarget "windowdemo" */;
			buildPhases = (
				CA7C3DDC14FA4E2F00C0A84A /* Sources */,
				CA7C3DDD14FA4E2F00C0A84A /* Frameworks */,
				CA7C3DDE14FA4E2F00C0A84A /* Resources */,
			);
			buildRules = (
			);
			dependencies = (
			);
			name = windowdemo;
			productName = windowdemo;
			productReference = CA7C3DE014FA4E2F00C0A84A /* windowdemo.app */;
			productType = "com.apple.product-type.application";
		};
/* End PBXNativeTarget section */

/* Begin PBXProject section */
		CA7C3DD714FA4E2F00C0A84A /* Project object */ = {
			isa = PBXProject;
			buildConfigurationList = CA7C3DDA14FA4E2F00C0A84A /* Build configuration list for PBXProject "windowdemo" */;
			compatibilityVersion = "Xcode 3.2";
			developmentRegion = English;
			hasScannedForEncodings = 0;
			knownRegions = (
				en,
			);
			mainGroup = CA7C3DD514FA4E2F00C0A84A;
			productRefGroup = CA7C3DE114FA4E2F00C0A84A /* Products */;
			projectDirPath = "";
			projectRoot = "";
			targets = (
				CA7C3DDF14FA4E2F00C0A84A /* windowdemo */,
			);
		};
/* End PBXProject section */

/* Begin PBXResourcesBuildPhase section */
		CA7C3DDE14FA4E2F00C0A84A /* Resources */ = {
			isa = PBXResourcesBuildPhase;
			buildActionMask = 2147483647;
			files = (
				CA7C3DEF14FA4E2F00C0A84A /* InfoPlist.strings in Resources */,
				CA7C3DF814FA4E2F00C0A84A /* MainWindow.xib in Resources */,
			);
			runOnlyForDeploymentPostprocessing = 0;
		};
/* End PBXResourcesBuildPhase section */

/* Begin PBXSourcesBuildPhase section */
		CA7C3DDC14FA4E2F00C0A84A /* Sources */ = {
			isa = PBXSourcesBuildPhase;
			buildActionMask = 2147483647;
			files = (
				CA7C3DF114FA4E2F00C0A84A /* main.m in Sources */,
				CA7C3DF514FA4E2F00C0A84A /* windowdemoAppDelegate.m in Sources */,
			);
			runOnlyForDeploymentPostprocessing = 0;
		};
/* End PBXSourcesBuildPhase section */

/* Begin PBXVariantGroup section */
		CA7C3DED14FA4E2F00C0A84A /* InfoPlist.strings */ = {
			isa = PBXVariantGroup;
			children = (
				CA7C3DEE14FA4E2F00C0A84A /* en */,
			);
			name = InfoPlist.strings;
			sourceTree = "<group>";
		};
		CA7C3DF614FA4E2F00C0A84A /* MainWindow.xib */ = {
			isa = PBXVariantGroup;
			children = (
				CA7C3DF714FA4E2F00C0A84A /* en */,
			);
			name = MainWindow.xib;
			sourceTree = "<group>";
		};
/* End PBXVariantGroup section */

/* Begin XCBuildConfiguration section */
		CA7C3DF914FA4E2F00C0A84A /* Debug */ = {
			isa = XCBuildConfiguration;
			buildSettings = {
				ALWAYS_SEARCH_USER_PATHS = NO;
				ARCHS = "$(ARCHS_STANDARD_32_BIT)";
				"CODE_SIGN_IDENTITY[sdk=iphoneos*]" = "iPhone Developer";
				COPY_PHASE_STRIP = NO;
				GCC_C_LANGUAGE_STANDARD = gnu99;
				GCC_DYNAMIC_NO_PIC = NO;
				GCC_OPTIMIZATION_LEVEL = 0;
				GCC_PREPROCESSOR_DEFINITIONS = (
					"DEBUG=1",
					"$(inherited)",
				);
				GCC_SYMBOLS_PRIVATE_EXTERN = NO;
				GCC_VERSION = com.apple.compilers.llvmgcc42;
				GCC_WARN_ABOUT_MISSING_PROTOTYPES = YES;
				GCC_WARN_ABOUT_RETURN_TYPE = YES;
				GCC_WARN_UNUSED_VARIABLE = YES;
				IPHONEOS_DEPLOYMENT_TARGET = 4.3;
				SDKROOT = iphoneos;
			};
			name = Debug;
		};
		CA7C3DFA14FA4E2F00C0A84A /* Release */ = {
			isa = XCBuildConfiguration;
			buildSettings = {
				ALWAYS_SEARCH_USER_PATHS = NO;
				ARCHS = "$(ARCHS_STANDARD_32_BIT)";
				"CODE_SIGN_IDENTITY[sdk=iphoneos*]" = "iPhone Developer";
				COPY_PHASE_STRIP = YES;
				GCC_C_LANGUAGE_STANDARD = gnu99;
				GCC_VERSION = com.apple.compilers.llvmgcc42;
				GCC_WARN_ABOUT_MISSING_PROTOTYPES = YES;
				GCC_WARN_ABOUT_RETURN_TYPE = YES;
				GCC_WARN_UNUSED_VARIABLE = YES;
				IPHONEOS_DEPLOYMENT_TARGET = 4.3;
				OTHER_CFLAGS = "-DNS_BLOCK_ASSERTIONS=1";
				SDKROOT = iphoneos;
				VALIDATE_PRODUCT = YES;
			};
			name = Release;
		};
		CA7C3DFC14FA4E2F00C0A84A /* Debug */ = {
			isa = XCBuildConfiguration;
			buildSettings = {
				GCC_PRECOMPILE_PREFIX_HEADER = YES;
				GCC_PREFIX_HEADER = "windowdemo/windowdemo-Prefix.pch";
				INFOPLIST_FILE = "windowdemo/windowdemo-Info.plist";
				PRODUCT_NAME = "$(TARGET_NAME)";
				WRAPPER_EXTENSION = app;
			};
			name = Debug;
		};
		CA7C3DFD14FA4E2F00C0A84A /* Release */ = {
			isa = XCBuildConfiguration;
			buildSettings = {
				GCC_PRECOMPILE_PREFIX_HEADER = YES;
				GCC_PREFIX_HEADER = "windowdemo/windowdemo-Prefix.pch";
				INFOPLIST_FILE = "windowdemo/windowdemo-Info.plist";
				PRODUCT_NAME = "$(TARGET_NAME)";
				WRAPPER_EXTENSION = app;
			};
			name = Release;
		};
/* End XCBuildConfiguration section */

/* Begin XCConfigurationList section */
		CA7C3DDA14FA4E2F00C0A84A /* Build configuration list for PBXProject "windowdemo" */ = {
			isa = XCConfigurationList;
			buildConfigurations = (
				CA7C3DF914FA4E2F00C0A84A /* Debug */,
				CA7C3DFA14FA4E2F00C0A84A /* Release */,
			);
			defaultConfigurationIsVisible = 0;
			defaultConfigurationName = Release;
		};
		CA7C3DFB14FA4E2F00C0A84A /* Build configuration list for PBXNativeTarget "windowdemo" */ = {
			isa = XCConfigurationList;
			buildConfigurations = (
				CA7C3DFC14FA4E2F00C0A84A /* Debug */,
				CA7C3DFD14FA4E2F00C0A84A /* Release */,
			);
			defaultConfigurationIsVisible = 0;
		};
/* End XCConfigurationList section */
	};
	rootObject = CA7C3DD714FA4E2F00C0A84A /* Project object */;
}
