// !$*UTF8*$!
{
	archiveVersion = 1;
	classes = {
	};
	objectVersion = 46;
	objects = {

/* Begin PBXBuildFile section */
		CACC1FF615074C820087746B /* UIKit.framework in Frameworks */ = {isa = PBXBuildFile; fileRef = CACC1FF515074C820087746B /* UIKit.framework */; };
		CACC1FF815074C820087746B /* Foundation.framework in Frameworks */ = {isa = PBXBuildFile; fileRef = CACC1FF715074C820087746B /* Foundation.framework */; };
		CACC1FFA15074C820087746B /* CoreGraphics.framework in Frameworks */ = {isa = PBXBuildFile; fileRef = CACC1FF915074C820087746B /* CoreGraphics.framework */; };
		CACC200015074C820087746B /* InfoPlist.strings in Resources */ = {isa = PBXBuildFile; fileRef = CACC1FFE15074C820087746B /* InfoPlist.strings */; };
		CACC200215074C820087746B /* main.m in Sources */ = {isa = PBXBuildFile; fileRef = CACC200115074C820087746B /* main.m */; };
		CACC200615074C820087746B /* AppDelegate.m in Sources */ = {isa = PBXBuildFile; fileRef = CACC200515074C820087746B /* AppDelegate.m */; };
		CACC200915074C820087746B /* ViewController.m in Sources */ = {isa = PBXBuildFile; fileRef = CACC200815074C820087746B /* ViewController.m */; };
		CACC200C15074C820087746B /* ViewController.xib in Resources */ = {isa = PBXBuildFile; fileRef = CACC200A15074C820087746B /* ViewController.xib */; };
/* End PBXBuildFile section */

/* Begin PBXFileReference section */
		CACC1FF115074C820087746B /* TableviewDemo.app */ = {isa = PBXFileReference; explicitFileType = wrapper.application; includeInIndex = 0; path = TableviewDemo.app; sourceTree = BUILT_PRODUCTS_DIR; };
		CACC1FF515074C820087746B /* UIKit.framework */ = {isa = PBXFileReference; lastKnownFileType = wrapper.framework; name = UIKit.framework; path = System/Library/Frameworks/UIKit.framework; sourceTree = SDKROOT; };
		CACC1FF715074C820087746B /* Foundation.framework */ = {isa = PBXFileReference; lastKnownFileType = wrapper.framework; name = Foundation.framework; path = System/Library/Frameworks/Foundation.framework; sourceTree = SDKROOT; };
		CACC1FF915074C820087746B /* CoreGraphics.framework */ = {isa = PBXFileReference; lastKnownFileType = wrapper.framework; name = CoreGraphics.framework; path = System/Library/Frameworks/CoreGraphics.framework; sourceTree = SDKROOT; };
		CACC1FFD15074C820087746B /* TableviewDemo-Info.plist */ = {isa = PBXFileReference; lastKnownFileType = text.plist.xml; path = "TableviewDemo-Info.plist"; sourceTree = "<group>"; };
		CACC1FFF15074C820087746B /* en */ = {isa = PBXFileReference; lastKnownFileType = text.plist.strings; name = en; path = en.lproj/InfoPlist.strings; sourceTree = "<group>"; };
		CACC200115074C820087746B /* main.m */ = {isa = PBXFileReference; lastKnownFileType = sourcecode.c.objc; path = main.m; sourceTree = "<group>"; };
		CACC200315074C820087746B /* TableviewDemo-Prefix.pch */ = {isa = PBXFileReference; lastKnownFileType = sourcecode.c.h; path = "TableviewDemo-Prefix.pch"; sourceTree = "<group>"; };
		CACC200415074C820087746B /* AppDelegate.h */ = {isa = PBXFileReference; lastKnownFileType = sourcecode.c.h; path = AppDelegate.h; sourceTree = "<group>"; };
		CACC200515074C820087746B /* AppDelegate.m */ = {isa = PBXFileReference; lastKnownFileType = sourcecode.c.objc; path = AppDelegate.m; sourceTree = "<group>"; };
		CACC200715074C820087746B /* ViewController.h */ = {isa = PBXFileReference; lastKnownFileType = sourcecode.c.h; path = ViewController.h; sourceTree = "<group>"; };
		CACC200815074C820087746B /* ViewController.m */ = {isa = PBXFileReference; lastKnownFileType = sourcecode.c.objc; path = ViewController.m; sourceTree = "<group>"; };
		CACC200B15074C820087746B /* en */ = {isa = PBXFileReference; lastKnownFileType = file.xib; name = en; path = en.lproj/ViewController.xib; sourceTree = "<group>"; };
/* End PBXFileReference section */

/* Begin PBXFrameworksBuildPhase section */
		CACC1FEE15074C820087746B /* Frameworks */ = {
			isa = PBXFrameworksBuildPhase;
			buildActionMask = 2147483647;
			files = (
				CACC1FF615074C820087746B /* UIKit.framework in Frameworks */,
				CACC1FF815074C820087746B /* Foundation.framework in Frameworks */,
				CACC1FFA15074C820087746B /* CoreGraphics.framework in Frameworks */,
			);
			runOnlyForDeploymentPostprocessing = 0;
		};
/* End PBXFrameworksBuildPhase section */

/* Begin PBXGroup section */
		CACC1FE615074C820087746B = {
			isa = PBXGroup;
			children = (
				CACC1FFB15074C820087746B /* TableviewDemo */,
				CACC1FF415074C820087746B /* Frameworks */,
				CACC1FF215074C820087746B /* Products */,
			);
			sourceTree = "<group>";
		};
		CACC1FF215074C820087746B /* Products */ = {
			isa = PBXGroup;
			children = (
				CACC1FF115074C820087746B /* TableviewDemo.app */,
			);
			name = Products;
			sourceTree = "<group>";
		};
		CACC1FF415074C820087746B /* Frameworks */ = {
			isa = PBXGroup;
			children = (
				CACC1FF515074C820087746B /* UIKit.framework */,
				CACC1FF715074C820087746B /* Foundation.framework */,
				CACC1FF915074C820087746B /* CoreGraphics.framework */,
			);
			name = Frameworks;
			sourceTree = "<group>";
		};
		CACC1FFB15074C820087746B /* TableviewDemo */ = {
			isa = PBXGroup;
			children = (
				CACC200415074C820087746B /* AppDelegate.h */,
				CACC200515074C820087746B /* AppDelegate.m */,
				CACC200715074C820087746B /* ViewController.h */,
				CACC200815074C820087746B /* ViewController.m */,
				CACC200A15074C820087746B /* ViewController.xib */,
				CACC1FFC15074C820087746B /* Supporting Files */,
			);
			path = TableviewDemo;
			sourceTree = "<group>";
		};
		CACC1FFC15074C820087746B /* Supporting Files */ = {
			isa = PBXGroup;
			children = (
				CACC1FFD15074C820087746B /* TableviewDemo-Info.plist */,
				CACC1FFE15074C820087746B /* InfoPlist.strings */,
				CACC200115074C820087746B /* main.m */,
				CACC200315074C820087746B /* TableviewDemo-Prefix.pch */,
			);
			name = "Supporting Files";
			sourceTree = "<group>";
		};
/* End PBXGroup section */

/* Begin PBXNativeTarget section */
		CACC1FF015074C820087746B /* TableviewDemo */ = {
			isa = PBXNativeTarget;
			buildConfigurationList = CACC200F15074C820087746B /* Build configuration list for PBXNativeTarget "TableviewDemo" */;
			buildPhases = (
				CACC1FED15074C820087746B /* Sources */,
				CACC1FEE15074C820087746B /* Frameworks */,
				CACC1FEF15074C820087746B /* Resources */,
			);
			buildRules = (
			);
			dependencies = (
			);
			name = TableviewDemo;
			productName = TableviewDemo;
			productReference = CACC1FF115074C820087746B /* TableviewDemo.app */;
			productType = "com.apple.product-type.application";
		};
/* End PBXNativeTarget section */

/* Begin PBXProject section */
		CACC1FE815074C820087746B /* Project object */ = {
			isa = PBXProject;
			attributes = {
				LastUpgradeCheck = 0430;
			};
			buildConfigurationList = CACC1FEB15074C820087746B /* Build configuration list for PBXProject "TableviewDemo" */;
			compatibilityVersion = "Xcode 3.2";
			developmentRegion = English;
			hasScannedForEncodings = 0;
			knownRegions = (
				en,
			);
			mainGroup = CACC1FE615074C820087746B;
			productRefGroup = CACC1FF215074C820087746B /* Products */;
			projectDirPath = "";
			projectRoot = "";
			targets = (
				CACC1FF015074C820087746B /* TableviewDemo */,
			);
		};
/* End PBXProject section */

/* Begin PBXResourcesBuildPhase section */
		CACC1FEF15074C820087746B /* Resources */ = {
			isa = PBXResourcesBuildPhase;
			buildActionMask = 2147483647;
			files = (
				CACC200015074C820087746B /* InfoPlist.strings in Resources */,
				CACC200C15074C820087746B /* ViewController.xib in Resources */,
			);
			runOnlyForDeploymentPostprocessing = 0;
		};
/* End PBXResourcesBuildPhase section */

/* Begin PBXSourcesBuildPhase section */
		CACC1FED15074C820087746B /* Sources */ = {
			isa = PBXSourcesBuildPhase;
			buildActionMask = 2147483647;
			files = (
				CACC200215074C820087746B /* main.m in Sources */,
				CACC200615074C820087746B /* AppDelegate.m in Sources */,
				CACC200915074C820087746B /* ViewController.m in Sources */,
			);
			runOnlyForDeploymentPostprocessing = 0;
		};
/* End PBXSourcesBuildPhase section */

/* Begin PBXVariantGroup section */
		CACC1FFE15074C820087746B /* InfoPlist.strings */ = {
			isa = PBXVariantGroup;
			children = (
				CACC1FFF15074C820087746B /* en */,
			);
			name = InfoPlist.strings;
			sourceTree = "<group>";
		};
		CACC200A15074C820087746B /* ViewController.xib */ = {
			isa = PBXVariantGroup;
			children = (
				CACC200B15074C820087746B /* en */,
			);
			name = ViewController.xib;
			sourceTree = "<group>";
		};
/* End PBXVariantGroup section */

/* Begin XCBuildConfiguration section */
		CACC200D15074C820087746B /* Debug */ = {
			isa = XCBuildConfiguration;
			buildSettings = {
				ALWAYS_SEARCH_USER_PATHS = NO;
				ARCHS = "$(ARCHS_STANDARD_32_BIT)";
				"CODE_SIGN_IDENTITY[sdk=iphoneos*]" = "iPhone Developer";
				COPY_PHASE_STRIP = NO;
				GCC_C_LANGUAGE_STANDARD = gnu99;
				GCC_DYNAMIC_NO_PIC = NO;
				GCC_OPTIMIZATION_LEVEL = 0;
				GCC_PREPROCESSOR_DEFINITIONS = (
					"DEBUG=1",
					"$(inherited)",
				);
				GCC_SYMBOLS_PRIVATE_EXTERN = NO;
				GCC_VERSION = com.apple.compilers.llvm.clang.1_0;
				GCC_WARN_ABOUT_RETURN_TYPE = YES;
				GCC_WARN_UNINITIALIZED_AUTOS = YES;
				GCC_WARN_UNUSED_VARIABLE = YES;
				IPHONEOS_DEPLOYMENT_TARGET = 5.0;
				SDKROOT = iphoneos;
			};
			name = Debug;
		};
		CACC200E15074C820087746B /* Release */ = {
			isa = XCBuildConfiguration;
			buildSettings = {
				ALWAYS_SEARCH_USER_PATHS = NO;
				ARCHS = "$(ARCHS_STANDARD_32_BIT)";
				"CODE_SIGN_IDENTITY[sdk=iphoneos*]" = "iPhone Developer";
				COPY_PHASE_STRIP = YES;
				GCC_C_LANGUAGE_STANDARD = gnu99;
				GCC_VERSION = com.apple.compilers.llvm.clang.1_0;
				GCC_WARN_ABOUT_RETURN_TYPE = YES;
				GCC_WARN_UNINITIALIZED_AUTOS = YES;
				GCC_WARN_UNUSED_VARIABLE = YES;
				IPHONEOS_DEPLOYMENT_TARGET = 5.0;
				OTHER_CFLAGS = "-DNS_BLOCK_ASSERTIONS=1";
				SDKROOT = iphoneos;
				VALIDATE_PRODUCT = YES;
			};
			name = Release;
		};
		CACC201015074C820087746B /* Debug */ = {
			isa = XCBuildConfiguration;
			buildSettings = {
				CLANG_ENABLE_OBJC_ARC = NO;
				GCC_PRECOMPILE_PREFIX_HEADER = YES;
				GCC_PREFIX_HEADER = "TableviewDemo/TableviewDemo-Prefix.pch";
				INFOPLIST_FILE = "TableviewDemo/TableviewDemo-Info.plist";
				PRODUCT_NAME = "$(TARGET_NAME)";
				WRAPPER_EXTENSION = app;
			};
			name = Debug;
		};
		CACC201115074C820087746B /* Release */ = {
			isa = XCBuildConfiguration;
			buildSettings = {
				CLANG_ENABLE_OBJC_ARC = NO;
				GCC_PRECOMPILE_PREFIX_HEADER = YES;
				GCC_PREFIX_HEADER = "TableviewDemo/TableviewDemo-Prefix.pch";
				INFOPLIST_FILE = "TableviewDemo/TableviewDemo-Info.plist";
				PRODUCT_NAME = "$(TARGET_NAME)";
				WRAPPER_EXTENSION = app;
			};
			name = Release;
		};
/* End XCBuildConfiguration section */

/* Begin XCConfigurationList section */
		CACC1FEB15074C820087746B /* Build configuration list for PBXProject "TableviewDemo" */ = {
			isa = XCConfigurationList;
			buildConfigurations = (
				CACC200D15074C820087746B /* Debug */,
				CACC200E15074C820087746B /* Release */,
			);
			defaultConfigurationIsVisible = 0;
			defaultConfigurationName = Release;
		};
		CACC200F15074C820087746B /* Build configuration list for PBXNativeTarget "TableviewDemo" */ = {
			isa = XCConfigurationList;
			buildConfigurations = (
				CACC201015074C820087746B /* Debug */,
				CACC201115074C820087746B /* Release */,
			);
			defaultConfigurationIsVisible = 0;
			defaultConfigurationName = Release;
		};
/* End XCConfigurationList section */
	};
	rootObject = CACC1FE815074C820087746B /* Project object */;
}
