// !$*UTF8*$!
{
	archiveVersion = 1;
	classes = {
	};
	objectVersion = 46;
	objects = {

/* Begin PBXBuildFile section */
		CA120AB514FF632400BCCE81 /* UIKit.framework in Frameworks */ = {isa = PBXBuildFile; fileRef = CA120AB414FF632400BCCE81 /* UIKit.framework */; };
		CA120AB714FF632400BCCE81 /* Foundation.framework in Frameworks */ = {isa = PBXBuildFile; fileRef = CA120AB614FF632400BCCE81 /* Foundation.framework */; };
		CA120AB914FF632400BCCE81 /* CoreGraphics.framework in Frameworks */ = {isa = PBXBuildFile; fileRef = CA120AB814FF632400BCCE81 /* CoreGraphics.framework */; };
		CA120ABF14FF632400BCCE81 /* InfoPlist.strings in Resources */ = {isa = PBXBuildFile; fileRef = CA120ABD14FF632400BCCE81 /* InfoPlist.strings */; };
		CA120AC114FF632400BCCE81 /* main.m in Sources */ = {isa = PBXBuildFile; fileRef = CA120AC014FF632400BCCE81 /* main.m */; };
		CA120AC514FF632400BCCE81 /* AppDelegate.m in Sources */ = {isa = PBXBuildFile; fileRef = CA120AC414FF632400BCCE81 /* AppDelegate.m */; };
		CA120AC814FF632400BCCE81 /* RootViewController.m in Sources */ = {isa = PBXBuildFile; fileRef = CA120AC714FF632400BCCE81 /* RootViewController.m */; };
		CA120ACB14FF632400BCCE81 /* DataViewController.m in Sources */ = {isa = PBXBuildFile; fileRef = CA120ACA14FF632400BCCE81 /* DataViewController.m */; };
		CA120ACE14FF632400BCCE81 /* ModelController.m in Sources */ = {isa = PBXBuildFile; fileRef = CA120ACD14FF632400BCCE81 /* ModelController.m */; };
		CA120AD114FF632400BCCE81 /* MainStoryboard.storyboard in Resources */ = {isa = PBXBuildFile; fileRef = CA120ACF14FF632400BCCE81 /* MainStoryboard.storyboard */; };
/* End PBXBuildFile section */

/* Begin PBXFileReference section */
		CA120AB014FF632400BCCE81 /* 20120301.app */ = {isa = PBXFileReference; explicitFileType = wrapper.application; includeInIndex = 0; path = 20120301.app; sourceTree = BUILT_PRODUCTS_DIR; };
		CA120AB414FF632400BCCE81 /* UIKit.framework */ = {isa = PBXFileReference; lastKnownFileType = wrapper.framework; name = UIKit.framework; path = System/Library/Frameworks/UIKit.framework; sourceTree = SDKROOT; };
		CA120AB614FF632400BCCE81 /* Foundation.framework */ = {isa = PBXFileReference; lastKnownFileType = wrapper.framework; name = Foundation.framework; path = System/Library/Frameworks/Foundation.framework; sourceTree = SDKROOT; };
		CA120AB814FF632400BCCE81 /* CoreGraphics.framework */ = {isa = PBXFileReference; lastKnownFileType = wrapper.framework; name = CoreGraphics.framework; path = System/Library/Frameworks/CoreGraphics.framework; sourceTree = SDKROOT; };
		CA120ABC14FF632400BCCE81 /* 20120301-Info.plist */ = {isa = PBXFileReference; lastKnownFileType = text.plist.xml; path = "20120301-Info.plist"; sourceTree = "<group>"; };
		CA120ABE14FF632400BCCE81 /* en */ = {isa = PBXFileReference; lastKnownFileType = text.plist.strings; name = en; path = en.lproj/InfoPlist.strings; sourceTree = "<group>"; };
		CA120AC014FF632400BCCE81 /* main.m */ = {isa = PBXFileReference; lastKnownFileType = sourcecode.c.objc; path = main.m; sourceTree = "<group>"; };
		CA120AC214FF632400BCCE81 /* 20120301-Prefix.pch */ = {isa = PBXFileReference; lastKnownFileType = sourcecode.c.h; path = "20120301-Prefix.pch"; sourceTree = "<group>"; };
		CA120AC314FF632400BCCE81 /* AppDelegate.h */ = {isa = PBXFileReference; lastKnownFileType = sourcecode.c.h; path = AppDelegate.h; sourceTree = "<group>"; };
		CA120AC414FF632400BCCE81 /* AppDelegate.m */ = {isa = PBXFileReference; lastKnownFileType = sourcecode.c.objc; path = AppDelegate.m; sourceTree = "<group>"; };
		CA120AC614FF632400BCCE81 /* RootViewController.h */ = {isa = PBXFileReference; lastKnownFileType = sourcecode.c.h; path = RootViewController.h; sourceTree = "<group>"; };
		CA120AC714FF632400BCCE81 /* RootViewController.m */ = {isa = PBXFileReference; lastKnownFileType = sourcecode.c.objc; path = RootViewController.m; sourceTree = "<group>"; };
		CA120AC914FF632400BCCE81 /* DataViewController.h */ = {isa = PBXFileReference; lastKnownFileType = sourcecode.c.h; path = DataViewController.h; sourceTree = "<group>"; };
		CA120ACA14FF632400BCCE81 /* DataViewController.m */ = {isa = PBXFileReference; lastKnownFileType = sourcecode.c.objc; path = DataViewController.m; sourceTree = "<group>"; };
		CA120ACC14FF632400BCCE81 /* ModelController.h */ = {isa = PBXFileReference; lastKnownFileType = sourcecode.c.h; path = ModelController.h; sourceTree = "<group>"; };
		CA120ACD14FF632400BCCE81 /* ModelController.m */ = {isa = PBXFileReference; lastKnownFileType = sourcecode.c.objc; path = ModelController.m; sourceTree = "<group>"; };
		CA120AD014FF632400BCCE81 /* en */ = {isa = PBXFileReference; lastKnownFileType = file.storyboard; name = en; path = en.lproj/MainStoryboard.storyboard; sourceTree = "<group>"; };
/* End PBXFileReference section */

/* Begin PBXFrameworksBuildPhase section */
		CA120AAD14FF632400BCCE81 /* Frameworks */ = {
			isa = PBXFrameworksBuildPhase;
			buildActionMask = 2147483647;
			files = (
				CA120AB514FF632400BCCE81 /* UIKit.framework in Frameworks */,
				CA120AB714FF632400BCCE81 /* Foundation.framework in Frameworks */,
				CA120AB914FF632400BCCE81 /* CoreGraphics.framework in Frameworks */,
			);
			runOnlyForDeploymentPostprocessing = 0;
		};
/* End PBXFrameworksBuildPhase section */

/* Begin PBXGroup section */
		CA120AA514FF632400BCCE81 = {
			isa = PBXGroup;
			children = (
				CA120ABA14FF632400BCCE81 /* 20120301 */,
				CA120AB314FF632400BCCE81 /* Frameworks */,
				CA120AB114FF632400BCCE81 /* Products */,
			);
			sourceTree = "<group>";
		};
		CA120AB114FF632400BCCE81 /* Products */ = {
			isa = PBXGroup;
			children = (
				CA120AB014FF632400BCCE81 /* 20120301.app */,
			);
			name = Products;
			sourceTree = "<group>";
		};
		CA120AB314FF632400BCCE81 /* Frameworks */ = {
			isa = PBXGroup;
			children = (
				CA120AB414FF632400BCCE81 /* UIKit.framework */,
				CA120AB614FF632400BCCE81 /* Foundation.framework */,
				CA120AB814FF632400BCCE81 /* CoreGraphics.framework */,
			);
			name = Frameworks;
			sourceTree = "<group>";
		};
		CA120ABA14FF632400BCCE81 /* 20120301 */ = {
			isa = PBXGroup;
			children = (
				CA120AC314FF632400BCCE81 /* AppDelegate.h */,
				CA120AC414FF632400BCCE81 /* AppDelegate.m */,
				CA120AC614FF632400BCCE81 /* RootViewController.h */,
				CA120AC714FF632400BCCE81 /* RootViewController.m */,
				CA120AC914FF632400BCCE81 /* DataViewController.h */,
				CA120ACA14FF632400BCCE81 /* DataViewController.m */,
				CA120ACC14FF632400BCCE81 /* ModelController.h */,
				CA120ACD14FF632400BCCE81 /* ModelController.m */,
				CA120ACF14FF632400BCCE81 /* MainStoryboard.storyboard */,
				CA120ABB14FF632400BCCE81 /* Supporting Files */,
			);
			path = 20120301;
			sourceTree = "<group>";
		};
		CA120ABB14FF632400BCCE81 /* Supporting Files */ = {
			isa = PBXGroup;
			children = (
				CA120ABC14FF632400BCCE81 /* 20120301-Info.plist */,
				CA120ABD14FF632400BCCE81 /* InfoPlist.strings */,
				CA120AC014FF632400BCCE81 /* main.m */,
				CA120AC214FF632400BCCE81 /* 20120301-Prefix.pch */,
			);
			name = "Supporting Files";
			sourceTree = "<group>";
		};
/* End PBXGroup section */

/* Begin PBXNativeTarget section */
		CA120AAF14FF632400BCCE81 /* 20120301 */ = {
			isa = PBXNativeTarget;
			buildConfigurationList = CA120AD414FF632400BCCE81 /* Build configuration list for PBXNativeTarget "20120301" */;
			buildPhases = (
				CA120AAC14FF632400BCCE81 /* Sources */,
				CA120AAD14FF632400BCCE81 /* Frameworks */,
				CA120AAE14FF632400BCCE81 /* Resources */,
			);
			buildRules = (
			);
			dependencies = (
			);
			name = 20120301;
			productName = 20120301;
			productReference = CA120AB014FF632400BCCE81 /* 20120301.app */;
			productType = "com.apple.product-type.application";
		};
/* End PBXNativeTarget section */

/* Begin PBXProject section */
		CA120AA714FF632400BCCE81 /* Project object */ = {
			isa = PBXProject;
			attributes = {
				LastUpgradeCheck = 0430;
			};
			buildConfigurationList = CA120AAA14FF632400BCCE81 /* Build configuration list for PBXProject "20120301" */;
			compatibilityVersion = "Xcode 3.2";
			developmentRegion = English;
			hasScannedForEncodings = 0;
			knownRegions = (
				en,
			);
			mainGroup = CA120AA514FF632400BCCE81;
			productRefGroup = CA120AB114FF632400BCCE81 /* Products */;
			projectDirPath = "";
			projectRoot = "";
			targets = (
				CA120AAF14FF632400BCCE81 /* 20120301 */,
			);
		};
/* End PBXProject section */

/* Begin PBXResourcesBuildPhase section */
		CA120AAE14FF632400BCCE81 /* Resources */ = {
			isa = PBXResourcesBuildPhase;
			buildActionMask = 2147483647;
			files = (
				CA120ABF14FF632400BCCE81 /* InfoPlist.strings in Resources */,
				CA120AD114FF632400BCCE81 /* MainStoryboard.storyboard in Resources */,
			);
			runOnlyForDeploymentPostprocessing = 0;
		};
/* End PBXResourcesBuildPhase section */

/* Begin PBXSourcesBuildPhase section */
		CA120AAC14FF632400BCCE81 /* Sources */ = {
			isa = PBXSourcesBuildPhase;
			buildActionMask = 2147483647;
			files = (
				CA120AC114FF632400BCCE81 /* main.m in Sources */,
				CA120AC514FF632400BCCE81 /* AppDelegate.m in Sources */,
				CA120AC814FF632400BCCE81 /* RootViewController.m in Sources */,
				CA120ACB14FF632400BCCE81 /* DataViewController.m in Sources */,
				CA120ACE14FF632400BCCE81 /* ModelController.m in Sources */,
			);
			runOnlyForDeploymentPostprocessing = 0;
		};
/* End PBXSourcesBuildPhase section */

/* Begin PBXVariantGroup section */
		CA120ABD14FF632400BCCE81 /* InfoPlist.strings */ = {
			isa = PBXVariantGroup;
			children = (
				CA120ABE14FF632400BCCE81 /* en */,
			);
			name = InfoPlist.strings;
			sourceTree = "<group>";
		};
		CA120ACF14FF632400BCCE81 /* MainStoryboard.storyboard */ = {
			isa = PBXVariantGroup;
			children = (
				CA120AD014FF632400BCCE81 /* en */,
			);
			name = MainStoryboard.storyboard;
			sourceTree = "<group>";
		};
/* End PBXVariantGroup section */

/* Begin XCBuildConfiguration section */
		CA120AD214FF632400BCCE81 /* Debug */ = {
			isa = XCBuildConfiguration;
			buildSettings = {
				ALWAYS_SEARCH_USER_PATHS = NO;
				ARCHS = "$(ARCHS_STANDARD_32_BIT)";
				"CODE_SIGN_IDENTITY[sdk=iphoneos*]" = "iPhone Developer";
				COPY_PHASE_STRIP = NO;
				GCC_C_LANGUAGE_STANDARD = gnu99;
				GCC_DYNAMIC_NO_PIC = NO;
				GCC_OPTIMIZATION_LEVEL = 0;
				GCC_PREPROCESSOR_DEFINITIONS = (
					"DEBUG=1",
					"$(inherited)",
				);
				GCC_SYMBOLS_PRIVATE_EXTERN = NO;
				GCC_VERSION = com.apple.compilers.llvm.clang.1_0;
				GCC_WARN_ABOUT_RETURN_TYPE = YES;
				GCC_WARN_UNINITIALIZED_AUTOS = YES;
				GCC_WARN_UNUSED_VARIABLE = YES;
				IPHONEOS_DEPLOYMENT_TARGET = 5.0;
				SDKROOT = iphoneos;
			};
			name = Debug;
		};
		CA120AD314FF632400BCCE81 /* Release */ = {
			isa = XCBuildConfiguration;
			buildSettings = {
				ALWAYS_SEARCH_USER_PATHS = NO;
				ARCHS = "$(ARCHS_STANDARD_32_BIT)";
				"CODE_SIGN_IDENTITY[sdk=iphoneos*]" = "iPhone Developer";
				COPY_PHASE_STRIP = YES;
				GCC_C_LANGUAGE_STANDARD = gnu99;
				GCC_VERSION = com.apple.compilers.llvm.clang.1_0;
				GCC_WARN_ABOUT_RETURN_TYPE = YES;
				GCC_WARN_UNINITIALIZED_AUTOS = YES;
				GCC_WARN_UNUSED_VARIABLE = YES;
				IPHONEOS_DEPLOYMENT_TARGET = 5.0;
				OTHER_CFLAGS = "-DNS_BLOCK_ASSERTIONS=1";
				SDKROOT = iphoneos;
				VALIDATE_PRODUCT = YES;
			};
			name = Release;
		};
		CA120AD514FF632400BCCE81 /* Debug */ = {
			isa = XCBuildConfiguration;
			buildSettings = {
				GCC_PRECOMPILE_PREFIX_HEADER = YES;
				GCC_PREFIX_HEADER = "20120301/20120301-Prefix.pch";
				INFOPLIST_FILE = "20120301/20120301-Info.plist";
				PRODUCT_NAME = "$(TARGET_NAME)";
				WRAPPER_EXTENSION = app;
			};
			name = Debug;
		};
		CA120AD614FF632400BCCE81 /* Release */ = {
			isa = XCBuildConfiguration;
			buildSettings = {
				GCC_PRECOMPILE_PREFIX_HEADER = YES;
				GCC_PREFIX_HEADER = "20120301/20120301-Prefix.pch";
				INFOPLIST_FILE = "20120301/20120301-Info.plist";
				PRODUCT_NAME = "$(TARGET_NAME)";
				WRAPPER_EXTENSION = app;
			};
			name = Release;
		};
/* End XCBuildConfiguration section */

/* Begin XCConfigurationList section */
		CA120AAA14FF632400BCCE81 /* Build configuration list for PBXProject "20120301" */ = {
			isa = XCConfigurationList;
			buildConfigurations = (
				CA120AD214FF632400BCCE81 /* Debug */,
				CA120AD314FF632400BCCE81 /* Release */,
			);
			defaultConfigurationIsVisible = 0;
			defaultConfigurationName = Release;
		};
		CA120AD414FF632400BCCE81 /* Build configuration list for PBXNativeTarget "20120301" */ = {
			isa = XCConfigurationList;
			buildConfigurations = (
				CA120AD514FF632400BCCE81 /* Debug */,
				CA120AD614FF632400BCCE81 /* Release */,
			);
			defaultConfigurationIsVisible = 0;
		};
/* End XCConfigurationList section */
	};
	rootObject = CA120AA714FF632400BCCE81 /* Project object */;
}
